version = 1
requires-python = ">=3.8"
resolution-markers = [
    "python_full_version >= '3.10'",
    "python_full_version == '3.9.*'",
    "python_full_version < '3.9'",
]

[[package]]
name = "papr"
version = "1.0.0"
source = { editable = "." }
dependencies = [
    { name = "pycairo", version = "1.26.1", source = { registry = "https://pypi.org/simple" }, marker = "python_full_version < '3.9'" },
    { name = "pycairo", version = "1.28.0", source = { registry = "https://pypi.org/simple" }, marker = "python_full_version == '3.9.*'" },
    { name = "pycairo", version = "1.29.0", source = { registry = "https://pypi.org/simple" }, marker = "python_full_version >= '3.10'" },
    { name = "pygobject", version = "3.48.2", source = { registry = "https://pypi.org/simple" }, marker = "python_full_version < '3.9'" },
    { name = "pygobject", version = "3.54.5", source = { registry = "https://pypi.org/simple" }, marker = "python_full_version >= '3.9'" },
]

[package.metadata]
requires-dist = [
    { name = "pycairo", specifier = ">=1.20.0" },
    { name = "pygobject", specifier = ">=3.42.0" },
]

[[package]]
name = "pycairo"
version = "1.26.1"
source = { registry = "https://pypi.org/simple" }
resolution-markers = [
    "python_full_version < '3.9'",
]
sdist = { url = "https://files.pythonhosted.org/packages/19/4f/0d48a017090d4527e921d6892bc550ae869902e67859fc960f8fe63a9094/pycairo-1.26.1.tar.gz", hash = "sha256:a11b999ce55b798dbf13516ab038e0ce8b6ec299b208d7c4e767a6f7e68e8430", size = 346882 }
wheels = [
    { url = "https://files.pythonhosted.org/packages/49/13/6279ce219c5735880af7a0b97d3041f106eebf8e7527aad3e4df4e2fcf6d/pycairo-1.26.1-cp310-cp310-win32.whl", hash = "sha256:b93b9e3072826a346f1f79cb1becc403d1ba4a3971cad61d144db0fe6dcb6be8", size = 766503 },
    { url = "https://files.pythonhosted.org/packages/32/ec/cf8510f556ce950546216738cdbee631e917ad6734b5cd84f9204756f708/pycairo-1.26.1-cp310-cp310-win_amd64.whl", hash = "sha256:acfc76924ed668d8fea50f6cc6097b9a57ef6cd3dc3f2fa20814380d639a6dd2", size = 861880 },
    { url = "https://files.pythonhosted.org/packages/8c/3b/a0d007048dd550afc3394bc7d80f6ddd1fa9c8d2d12b75aab651f604dba1/pycairo-1.26.1-cp310-cp310-win_arm64.whl", hash = "sha256:067191315c3b4d09cad1ec57cdb8fc1d72e2574e89389c268a94f22d4fa98b5f", size = 675603 },
    { url = "https://files.pythonhosted.org/packages/b7/25/7ef228b6436423a606c03044e65f9d7066179e0d3d7e3648979c7899ce9e/pycairo-1.26.1-cp311-cp311-win32.whl", hash = "sha256:56a29623aa7b4adbde5024c61ff001455b5a3def79e512742ea45ab36c3fe24b", size = 766504 },
    { url = "https://files.pythonhosted.org/packages/2d/54/fa4f1749b572853f537214bb01b6601b0eba7a9857b3a660e939b1959f4b/pycairo-1.26.1-cp311-cp311-win_amd64.whl", hash = "sha256:8d2889e03a095de5da9e68a589b691a3ada09d60ef18b5fc1b1b99f2a7794297", size = 861879 },
    { url = "https://files.pythonhosted.org/packages/6d/e5/e33bdb7a6cf7a86f994fc5950793b79dfd090b4302301daa62e5e7285bd6/pycairo-1.26.1-cp311-cp311-win_arm64.whl", hash = "sha256:7a307111de345304ed8eadd7f81ebd7fb1fc711224aa314a4e8e33af7dfa3d27", size = 675602 },
    { url = "https://files.pythonhosted.org/packages/e0/b8/6b92544a90444fc97ea903798bc533e043b2d4653cb2a679d220978741c6/pycairo-1.26.1-cp312-cp312-win32.whl", hash = "sha256:5cc1808e9e30ccd0f4d84ba7700db5aab5673f8b6b901760369ebb88a0823436", size = 766911 },
    { url = "https://files.pythonhosted.org/packages/60/18/9d1bfe0c0ff23c65f04001d62d358e56fba11bbc1a86587aabc93f1809ba/pycairo-1.26.1-cp312-cp312-win_amd64.whl", hash = "sha256:36131a726f568b2dbc5e78ff50fbaa379e69db00614d46d66b1e4289caf9b1ce", size = 862105 },
    { url = "https://files.pythonhosted.org/packages/f6/71/f21682a17ed0e23d2545a2de39a6f30255868cd81c5f78505640af75f8d3/pycairo-1.26.1-cp312-cp312-win_arm64.whl", hash = "sha256:5577b51543ea4c283c15f436d891e9eaf6fd43fe74882adb032fba2c271f3fe9", size = 675512 },
    { url = "https://files.pythonhosted.org/packages/02/00/b72beb131c320fdb23cea8e20cb4a5b38acc6510c2890877a74cdcea484d/pycairo-1.26.1-cp38-cp38-win32.whl", hash = "sha256:27ec7b42c58af35dc11352881262dce4254378b0f11be0959d1c13edb4539d2c", size = 766848 },
    { url = "https://files.pythonhosted.org/packages/09/34/619273df157e839e6754ce2ba44bf95522b5b200e2be0fb9c8106329ca46/pycairo-1.26.1-cp38-cp38-win_amd64.whl", hash = "sha256:27357994d277b3fd10a45e9ef58f80a4cb5e3291fe76c5edd58d2d06335eb8e7", size = 862458 },
    { url = "https://files.pythonhosted.org/packages/58/3f/9ddd32ef2ca7af25392df6cc01b8d536f2c6de56a28fd2b3e33eb99a51b2/pycairo-1.26.1-cp39-cp39-win32.whl", hash = "sha256:e68300d1c2196d1d34de3432885ae9ff78e10426fa16f765742a11c6f8fe0a71", size = 766767 },
    { url = "https://files.pythonhosted.org/packages/97/72/afe8c322fb58fc66f10061f94d74440c40b9a11c7896c6c47f0fdc5a8556/pycairo-1.26.1-cp39-cp39-win_amd64.whl", hash = "sha256:ce049930e294c29b53c68dcaab3df97cc5de7eb1d3d8e8a9f5c77e7164cd6e85", size = 862456 },
    { url = "https://files.pythonhosted.org/packages/70/01/0dd13ad12dc840bcbdf313ce5f3658ba8599c33cab87188fa355aafe1a09/pycairo-1.26.1-cp39-cp39-win_arm64.whl", hash = "sha256:22e1db531d4ed3167a98f0ea165bfa2a30df9d6eb22361c38158c031065999a4", size = 675865 },
]

[[package]]
name = "pycairo"
version = "1.28.0"
source = { registry = "https://pypi.org/simple" }
resolution-markers = [
    "python_full_version == '3.9.*'",
]
sdist = { url = "https://files.pythonhosted.org/packages/40/d9/412da520de9052b7e80bfc810ec10f5cb3dbfa4aa3e23c2820dc61cdb3d0/pycairo-1.28.0.tar.gz", hash = "sha256:26ec5c6126781eb167089a123919f87baa2740da2cca9098be8b3a6b91cc5fbc", size = 662477 }
wheels = [
    { url = "https://files.pythonhosted.org/packages/3e/67/6e5d6328c6037f0479017f51e97f5cbb79a68ed6e93f671dac17cb47bf2e/pycairo-1.28.0-cp310-cp310-win32.whl", hash = "sha256:53e6dbc98456f789965dad49ef89ce2c62f9a10fc96c8d084e14da0ffb73d8a6", size = 750438 },
    { url = "https://files.pythonhosted.org/packages/00/79/e941186c2275333643504f57711b157ba17e81a2be805346585ad7fd382e/pycairo-1.28.0-cp310-cp310-win_amd64.whl", hash = "sha256:c8ab91a75025f984bc327ada335c787efb61c929ea0512063793cb36cee503d4", size = 841526 },
    { url = "https://files.pythonhosted.org/packages/84/4b/3495baabd3c830bf80bf112a0e645342bfe8f3fc05ed6423444adf62d496/pycairo-1.28.0-cp310-cp310-win_arm64.whl", hash = "sha256:e955328c1a5147bf71ee94e206413ce15e12630296a79788fcd246c80e5337b8", size = 691866 },
    { url = "https://files.pythonhosted.org/packages/c9/94/47d75f4eaac865f32e0550ed42869f8b3c4036f8e2b1e6163e9548f4d44f/pycairo-1.28.0-cp311-cp311-win32.whl", hash = "sha256:0fee15f5d72b13ba5fd065860312493dc1bca6ff2dce200ee9d704e11c94e60a", size = 750441 },
    { url = "https://files.pythonhosted.org/packages/aa/02/1169a2917b043998585f9dd0f36da618947fdf9b6cc0e9ff9852aa4d548b/pycairo-1.28.0-cp311-cp311-win_amd64.whl", hash = "sha256:6339979bfec8b58a06476094a9a5c104bd5a99932ddaff16ca0d9203d2f4482c", size = 841536 },
    { url = "https://files.pythonhosted.org/packages/eb/99/13031086fb4d4ea71568d9ce74e03afbb2e18047f1e6b4e8674851f0414f/pycairo-1.28.0-cp311-cp311-win_arm64.whl", hash = "sha256:c6ae15392e28ebfc0b35d8dc05d395d3b6be4bad9ad4caecf0fa12c8e7150225", size = 691895 },
    { url = "https://files.pythonhosted.org/packages/a9/d7/206d7945aac5c6c889e7fea4011410d1311455a1d8dfce66106d8d700b7f/pycairo-1.28.0-cp312-cp312-win32.whl", hash = "sha256:c00cfbb7f30eb7ca1d48886712932e2d91e8835a8496f4e423878296ceba573e", size = 750594 },
    { url = "https://files.pythonhosted.org/packages/2e/ba/259fc9a4d3afdad1e5b9db52b9d8a5df67f70dd787167185e8ec8a1af007/pycairo-1.28.0-cp312-cp312-win_amd64.whl", hash = "sha256:d50d190f5033992b55050b9f337ee42a45c3568445d5e5d7987bab96c278d8a6", size = 841767 },
    { url = "https://files.pythonhosted.org/packages/c0/08/aa0903612ea0e8686ad6af58d4fb9cbab8ee0b0831201cddf7abd578d045/pycairo-1.28.0-cp312-cp312-win_arm64.whl", hash = "sha256:957e0340ee1c279d197d4f7cfa96f6d8b48e453eec711fca999748d752468ff4", size = 691687 },
    { url = "https://files.pythonhosted.org/packages/59/a7/c3e5ed55781dfe1b31eb4a2482aeae707671f3d36b0ea53a1722f4a3dfe9/pycairo-1.28.0-cp313-cp313-win32.whl", hash = "sha256:d13352429d8a08a1cb3607767d23d2fb32e4c4f9faa642155383980ec1478c24", size = 750594 },
    { url = "https://files.pythonhosted.org/packages/8b/1c/ebadd290748aff3b6bc35431114d41e7a42f40a4b988c2aaf2dfed5d8156/pycairo-1.28.0-cp313-cp313-win_amd64.whl", hash = "sha256:082aef6b3a9dcc328fa648d38ed6b0a31c863e903ead57dd184b2e5f86790140", size = 841774 },
    { url = "https://files.pythonhosted.org/packages/3e/ce/a3f5f1946613cd8a4654322b878c59f273c6e9b01dfadadd3f609070e0b9/pycairo-1.28.0-cp313-cp313-win_arm64.whl", hash = "sha256:026afd53b75291917a7412d9fe46dcfbaa0c028febd46ff1132d44a53ac2c8b6", size = 691675 },
    { url = "https://files.pythonhosted.org/packages/96/1b/1f5da2b2e44b33a5b269ff28af710b0a7903001d9cf8a40d00fc944a5092/pycairo-1.28.0-cp314-cp314-win32.whl", hash = "sha256:d0ab30585f536101ad6f09052fc3895e2a437ba57531ea07223d0e076248025d", size = 766699 },
    { url = "https://files.pythonhosted.org/packages/c9/91/1d5f18bd3ed469b1de8f83bfbf8bd67d23439f075151b66740fd35356190/pycairo-1.28.0-cp314-cp314-win_amd64.whl", hash = "sha256:94f2ed204999ab95a0671a0fa948ffbb9f3d6fb8731fe787917f6d022d9c1c0f", size = 868725 },
    { url = "https://files.pythonhosted.org/packages/79/0e/476ffe64b309672aa4012897d91a2bda7e5b2eb43504bbff48be03e5055c/pycairo-1.28.0-cp39-cp39-win32.whl", hash = "sha256:3ed16d48b8a79cc584cb1cb0ad62dfb265f2dda6d6a19ef5aab181693e19c83c", size = 750680 },
    { url = "https://files.pythonhosted.org/packages/f4/77/872e843993bb152f93e970f0807ee08b5a496116ad8eadfa0a1590452111/pycairo-1.28.0-cp39-cp39-win_amd64.whl", hash = "sha256:da0d1e6d4842eed4d52779222c6e43d254244a486ca9fdab14e30042fd5bdf28", size = 842157 },
    { url = "https://files.pythonhosted.org/packages/a8/c5/fce33dbb973c5ee7606167056502a70eb316350c41c7656e5739a5f9e490/pycairo-1.28.0-cp39-cp39-win_arm64.whl", hash = "sha256:458877513eb2125513122e8aa9c938630e94bb0574f94f4fb5ab55eb23d6e9ac", size = 691902 },
]

[[package]]
name = "pycairo"
version = "1.29.0"
source = { registry = "https://pypi.org/simple" }
resolution-markers = [
    "python_full_version >= '3.10'",
]
sdist = { url = "https://files.pythonhosted.org/packages/22/d9/1728840a22a4ef8a8f479b9156aa2943cd98c3907accd3849fb0d5f82bfd/pycairo-1.29.0.tar.gz", hash = "sha256:f3f7fde97325cae80224c09f12564ef58d0d0f655da0e3b040f5807bd5bd3142", size = 665871 }
wheels = [
    { url = "https://files.pythonhosted.org/packages/23/e2/c08847af2a103517f7785830706b6d1d55274494d76ab605eb744404c22f/pycairo-1.29.0-cp310-cp310-win32.whl", hash = "sha256:96c67e6caba72afd285c2372806a0175b1aa2f4537aa88fb4d9802d726effcd1", size = 751339 },
    { url = "https://files.pythonhosted.org/packages/eb/36/2a934c6fd4f32d2011c4d9cc59a32e34e06a97dd9f4b138614078d39340b/pycairo-1.29.0-cp310-cp310-win_amd64.whl", hash = "sha256:65bddd944aee9f7d7d72821b1c87e97593856617c2820a78d589d66aa8afbd08", size = 845074 },
    { url = "https://files.pythonhosted.org/packages/1b/f0/ee0a887d8c8a6833940263b7234aaa63d8d95a27d6130a9a053867ff057c/pycairo-1.29.0-cp310-cp310-win_arm64.whl", hash = "sha256:15b36aea699e2ff215cb6a21501223246032e572a3a10858366acdd69c81a1c8", size = 694758 },
    { url = "https://files.pythonhosted.org/packages/31/92/1b904087e831806a449502786d47d3a468e5edb8f65755f6bd88e8038e53/pycairo-1.29.0-cp311-cp311-win32.whl", hash = "sha256:12757ebfb304b645861283c20585c9204c3430671fad925419cba04844d6dfed", size = 751342 },
    { url = "https://files.pythonhosted.org/packages/db/09/a0ab6a246a7ede89e817d749a941df34f27a74bedf15551da51e86ae105e/pycairo-1.29.0-cp311-cp311-win_amd64.whl", hash = "sha256:3391532db03f9601c1cee9ebfa15b7d1db183c6020f3e75c1348cee16825934f", size = 845036 },
    { url = "https://files.pythonhosted.org/packages/3c/b2/bf455454bac50baef553e7356d36b9d16e482403bf132cfb12960d2dc2e7/pycairo-1.29.0-cp311-cp311-win_arm64.whl", hash = "sha256:b69be8bb65c46b680771dc6a1a422b1cdd0cffb17be548f223e8cbbb6205567c", size = 694644 },
    { url = "https://files.pythonhosted.org/packages/f6/28/6363087b9e60af031398a6ee5c248639eefc6cc742884fa2789411b1f73b/pycairo-1.29.0-cp312-cp312-win32.whl", hash = "sha256:91bcd7b5835764c616a615d9948a9afea29237b34d2ed013526807c3d79bb1d0", size = 751486 },
    { url = "https://files.pythonhosted.org/packages/3a/d2/d146f1dd4ef81007686ac52231dd8f15ad54cf0aa432adaefc825475f286/pycairo-1.29.0-cp312-cp312-win_amd64.whl", hash = "sha256:3f01c3b5e49ef9411fff6bc7db1e765f542dc1c9cfed4542958a5afa3a8b8e76", size = 845383 },
    { url = "https://files.pythonhosted.org/packages/01/16/6e6f33bb79ec4a527c9e633915c16dc55a60be26b31118dbd0d5859e8c51/pycairo-1.29.0-cp312-cp312-win_arm64.whl", hash = "sha256:eafe3d2076f3533535ad4a361fa0754e0ee66b90e548a3a0f558fed00b1248f2", size = 694518 },
    { url = "https://files.pythonhosted.org/packages/f0/21/3f477dc318dd4e84a5ae6301e67284199d7e5a2384f3063714041086b65d/pycairo-1.29.0-cp313-cp313-win32.whl", hash = "sha256:3eb382a4141591807073274522f7aecab9e8fa2f14feafd11ac03a13a58141d7", size = 750949 },
    { url = "https://files.pythonhosted.org/packages/43/34/7d27a333c558d6ac16dbc12a35061d389735e99e494ee4effa4ec6d99bed/pycairo-1.29.0-cp313-cp313-win_amd64.whl", hash = "sha256:91114e4b3fbf4287c2b0788f83e1f566ce031bda49cf1c3c3c19c3e986e95c38", size = 844149 },
    { url = "https://files.pythonhosted.org/packages/15/43/e782131e23df69e5c8e631a016ed84f94bbc4981bf6411079f57af730a23/pycairo-1.29.0-cp313-cp313-win_arm64.whl", hash = "sha256:09b7f69a5ff6881e151354ea092137b97b0b1f0b2ab4eb81c92a02cc4a08e335", size = 693595 },
    { url = "https://files.pythonhosted.org/packages/2d/fa/87eaeeb9d53344c769839d7b2854db7ff2cd596211e00dd1b702eeb1838f/pycairo-1.29.0-cp314-cp314-win32.whl", hash = "sha256:69e2a7968a3fbb839736257bae153f547bca787113cc8d21e9e08ca4526e0b6b", size = 767198 },
    { url = "https://files.pythonhosted.org/packages/3c/90/3564d0f64d0a00926ab863dc3c4a129b1065133128e96900772e1c4421f8/pycairo-1.29.0-cp314-cp314-win_amd64.whl", hash = "sha256:e91243437a21cc4c67c401eff4433eadc45745275fa3ade1a0d877e50ffb90da", size = 871579 },
    { url = "https://files.pythonhosted.org/packages/5e/91/93632b6ba12ad69c61991e3208bde88486fdfc152be8cfdd13444e9bc650/pycairo-1.29.0-cp314-cp314-win_arm64.whl", hash = "sha256:b72200ea0e5f73ae4c788cd2028a750062221385eb0e6d8f1ecc714d0b4fdf82", size = 719537 },
    { url = "https://files.pythonhosted.org/packages/93/23/37053c039f8d3b9b5017af9bc64d27b680c48a898d48b72e6d6583cf0155/pycairo-1.29.0-cp314-cp314t-win_amd64.whl", hash = "sha256:5e45fce6185f553e79e4ef1722b8e98e6cde9900dbc48cb2637a9ccba86f627a", size = 874015 },
    { url = "https://files.pythonhosted.org/packages/d7/54/123f6239685f5f3f2edc123f1e38d2eefacebee18cf3c532d2f4bd51d0ef/pycairo-1.29.0-cp314-cp314t-win_arm64.whl", hash = "sha256:caba0837a4b40d47c8dfb0f24cccc12c7831e3dd450837f2a356c75f21ce5a15", size = 721404 },
]

[[package]]
name = "pygobject"
version = "3.48.2"
source = { registry = "https://pypi.org/simple" }
resolution-markers = [
    "python_full_version < '3.9'",
]
dependencies = [
    { name = "pycairo", version = "1.26.1", source = { registry = "https://pypi.org/simple" }, marker = "python_full_version < '3.9'" },
]
sdist = { url = "https://files.pythonhosted.org/packages/f9/9e/6bab1ed3bd878f0912d9a0600c21f3d88bab0e8a8d4c3ce50f5cf336faaf/pygobject-3.48.2.tar.gz", hash = "sha256:c3c0a7afbe5b2c1c64dc0530109b4dd571085153dbedfbccb8ec7c5ad233f977", size = 715243 }

[[package]]
name = "pygobject"
version = "3.54.5"
source = { registry = "https://pypi.org/simple" }
resolution-markers = [
    "python_full_version >= '3.10'",
    "python_full_version == '3.9.*'",
]
dependencies = [
    { name = "pycairo", version = "1.28.0", source = { registry = "https://pypi.org/simple" }, marker = "python_full_version == '3.9.*'" },
    { name = "pycairo", version = "1.29.0", source = { registry = "https://pypi.org/simple" }, marker = "python_full_version >= '3.10'" },
]
sdist = { url = "https://files.pythonhosted.org/packages/d3/a5/68f883df1d8442e3b267cb92105a4b2f0de819bd64ac9981c2d680d3f49f/pygobject-3.54.5.tar.gz", hash = "sha256:b6656f6348f5245606cf15ea48c384c7f05156c75ead206c1b246c80a22fb585", size = 1274658 }
